
Microsoft Visual Studio Solution File, Format Version 12.00
# Visual Studio Version 17
VisualStudioVersion = 17.11.35222.181
MinimumVisualStudioVersion = 10.0.40219.1
Project("{FAE04EC0-301F-11D3-BF4B-00C04F79EFBC}") = "QuickWaypoint", "QuickWaypoint\QuickWaypoint.csproj", "{EEBEB0C9-469C-4DD4-B74C-1DCDE8F42663}"
EndProject
Global
	GlobalSection(SolutionConfigurationPlatforms) = preSolution
		Debug|Any CPU = Debug|Any CPU
		Release|Any CPU = Release|Any CPU
	EndGlobalSection
	GlobalSection(ProjectConfigurationPlatforms) = postSolution
		{EEBEB0C9-469C-4DD4-B74C-1DCDE8F42663}.Debug|Any CPU.ActiveCfg = Debug|Any CPU
		{EEBEB0C9-469C-4DD4-B74C-1DCDE8F42663}.Debug|Any CPU.Build.0 = Debug|Any CPU
		{EEBEB0C9-469C-4DD4-B74C-1DCDE8F42663}.Release|Any CPU.ActiveCfg = Release|Any CPU
		{EEBEB0C9-469C-4DD4-B74C-1DCDE8F42663}.Release|Any CPU.Build.0 = Release|Any CPU
	EndGlobalSection
	GlobalSection(SolutionProperties) = preSolution
		HideSolutionNode = FALSE
	EndGlobalSection
	GlobalSection(ExtensibilityGlobals) = postSolution
		SolutionGuid = {53E6234A-17E9-4A37-B552-3679CABF0952}
	EndGlobalSection
EndGlobal
